
Microsoft Visual Studio Solution File, Format Version 12.00
# Visual Studio 15
VisualStudioVersion = 15.0.27004.2005
MinimumVisualStudioVersion = 10.0.40219.1
Project("{2150E333-8FDC-42A3-9474-1A3956D46DE8}") = "src", "src", "{EBBC3E56-D59A-447E-8021-DA2D17B6AD50}"
EndProject
Project("{2150E333-8FDC-42A3-9474-1A3956D46DE8}") = "Solution Items", "Solution Items", "{C7333F03-3D9B-434C-84DE-B27FDD3A3743}"
EndProject
Project("{9A19103F-16F7-4668-BE54-9A1E7A4F7556}") = "Threax.AspNetCore.Halcyon.Ext", "src\Threax.AspNetCore.Halcyon.Ext\Threax.AspNetCore.Halcyon.Ext.csproj", "{EBB729F8-6B6B-48A8-AA7E-3117B65B5A7E}"
EndProject
Project("{9A19103F-16F7-4668-BE54-9A1E7A4F7556}") = "TestHalcyonApi", "src\TestHalcyonApi\TestHalcyonApi.csproj", "{0AD246DA-07AB-4F4C-AAFF-EFC13AACD49F}"
EndProject
Project("{9A19103F-16F7-4668-BE54-9A1E7A4F7556}") = "HalcyonApiBrowser", "src\HalcyonApiBrowser\HalcyonApiBrowser.csproj", "{D8EC5447-B890-4CD7-9B48-6945BE83A8AD}"
EndProject
Project("{9A19103F-16F7-4668-BE54-9A1E7A4F7556}") = "Threax.AspNetCore.Halcyon.Client", "src\Threax.AspNetCore.Halcyon.Client\Threax.AspNetCore.Halcyon.Client.csproj", "{B3B042AC-AEA9-480A-920F-E0FACDE5DAF7}"
EndProject
Project("{9A19103F-16F7-4668-BE54-9A1E7A4F7556}") = "Threax.AspNetCore.Halcyon", "src\Threax.AspNetCore.Halcyon\Threax.AspNetCore.Halcyon.csproj", "{2F5A3BF0-7E6B-45F3-8AC5-5052A4EDAD01}"
EndProject
Project("{9A19103F-16F7-4668-BE54-9A1E7A4F7556}") = "Threax.AspNetCore.ExceptionFilter", "src\Threax.AspNetCore.ExceptionFilter\Threax.AspNetCore.ExceptionFilter.csproj", "{0F437156-E559-4749-8EA9-E788DAF07F74}"
EndProject
Project("{9A19103F-16F7-4668-BE54-9A1E7A4F7556}") = "Threax.AspNetCore.BuiltInTools", "src\Threax.AspNetCore.BuiltInTools\Threax.AspNetCore.BuiltInTools.csproj", "{29316056-EEE5-477C-9FC7-AC5C19E4A802}"
EndProject
Project("{9A19103F-16F7-4668-BE54-9A1E7A4F7556}") = "Threax.AspNetCore.Halcyon.ClientGen", "src\Threax.AspNetCore.Halcyon.ClientGen\Threax.AspNetCore.Halcyon.ClientGen.csproj", "{70EA959D-1385-436A-A367-5D69C3C827C0}"
EndProject
Project("{9A19103F-16F7-4668-BE54-9A1E7A4F7556}") = "Threax.AspNetCore.Crud", "src\Threax.AspNetCore.Crud\Threax.AspNetCore.Crud.csproj", "{0E522071-5FF5-4514-BA41-A827685C6446}"
EndProject
Project("{9A19103F-16F7-4668-BE54-9A1E7A4F7556}") = "HtmlRapier.TagHelpers", "src\HtmlRapier.TagHelpers\HtmlRapier.TagHelpers.csproj", "{E6863A50-5A02-4764-968F-821EE0A5CBDB}"
EndProject
Project("{9A19103F-16F7-4668-BE54-9A1E7A4F7556}") = "Threax.AspNetCore.CorsManager", "src\Threax.AspNetCore.CorsManager\Threax.AspNetCore.CorsManager.csproj", "{4AEBD3E3-6C1A-4DFF-ACA3-A8C452C1E3F8}"
EndProject
Project("{2150E333-8FDC-42A3-9474-1A3956D46DE8}") = "test", "test", "{7F53A428-36B0-4592-B3F6-7B63CCC40986}"
EndProject
Project("{9A19103F-16F7-4668-BE54-9A1E7A4F7556}") = "Threax.AspNetCore.FileRepository.Tests", "test\Threax.AspNetCore.FileRepository.Tests\Threax.AspNetCore.FileRepository.Tests.csproj", "{86F4AA10-EEA5-4334-BDE1-06FBD095F0F7}"
EndProject
Project("{9A19103F-16F7-4668-BE54-9A1E7A4F7556}") = "Threax.AspNetCore.FileRepository", "src\Threax.AspNetCore.FileRepository\Threax.AspNetCore.FileRepository.csproj", "{E3EA74A6-02F6-49C9-8E97-250A6CC15227}"
EndProject
Project("{9A19103F-16F7-4668-BE54-9A1E7A4F7556}") = "Threax.AspNetCore.Halcyon.Client.Tests", "test\Threax.AspNetCore.Halcyon.Client.Tests\Threax.AspNetCore.Halcyon.Client.Tests.csproj", "{00AAEE9B-F351-43D6-8B69-0E35939A84F1}"
EndProject
Project("{9A19103F-16F7-4668-BE54-9A1E7A4F7556}") = "Threax.AspNetCore.Tracking", "src\Threax.AspNetCore.Tracking\Threax.AspNetCore.Tracking.csproj", "{7015E2AF-A476-4567-AF43-D5E6FD20FD91}"
EndProject
Project("{9A19103F-16F7-4668-BE54-9A1E7A4F7556}") = "Threax.AspNetCore.Tracking.Tests", "test\Threax.AspNetCore.Tracking.Tests\Threax.AspNetCore.Tracking.Tests.csproj", "{03C147E8-4757-4178-95A2-E61E46D2A369}"
EndProject
Project("{9A19103F-16F7-4668-BE54-9A1E7A4F7556}") = "Threax.AspNetCore.Validators", "src\Threax.AspNetCore.Validators\Threax.AspNetCore.Validators.csproj", "{51F2DFA0-D0B6-4FE4-AF02-EF4DE7DF7A47}"
EndProject
Project("{9A19103F-16F7-4668-BE54-9A1E7A4F7556}") = "Threax.AspNetCore.Models", "src\Threax.AspNetCore.Models\Threax.AspNetCore.Models.csproj", "{0DC113C6-E07C-4190-9C47-8E563E30765B}"
EndProject
Project("{9A19103F-16F7-4668-BE54-9A1E7A4F7556}") = "Threax.ModelGen", "src\Threax.ModelGen\Threax.ModelGen.csproj", "{57331298-EDF0-438D-B7AC-59F526FA591B}"
EndProject
Project("{9A19103F-16F7-4668-BE54-9A1E7A4F7556}") = "Threax.AspNetCore.RazorExt", "src\Threax.AspNetCore.RazorExt\Threax.AspNetCore.RazorExt.csproj", "{945424A9-8EF2-4C12-97B8-AE83C58FB370}"
EndProject
Project("{9A19103F-16F7-4668-BE54-9A1E7A4F7556}") = "Threax.AspNetCore.Halcyon.ClientGen.Tools", "src\Threax.AspNetCore.Halcyon.ClientGen.Tools\Threax.AspNetCore.Halcyon.ClientGen.Tools.csproj", "{A4B81F6D-D5B3-49BF-A894-A0370E83968D}"
EndProject
Project("{9A19103F-16F7-4668-BE54-9A1E7A4F7556}") = "Threax.AspNetCore.AccessTokens", "src\Threax.AspNetCore.AccessTokens\Threax.AspNetCore.AccessTokens.csproj", "{07A002DC-2069-4EB9-9C7A-CD52988EA7E9}"
EndProject
Project("{9A19103F-16F7-4668-BE54-9A1E7A4F7556}") = "Threax.AspNetCore.AuthCore", "src\Threax.AspNetCore.AuthCore\Threax.AspNetCore.AuthCore.csproj", "{D790892C-D130-4310-B036-3EDBECFDD943}"
EndProject
Project("{9A19103F-16F7-4668-BE54-9A1E7A4F7556}") = "Threax.AspNetCore.IdServerAuth", "src\Threax.AspNetCore.IdServerAuth\Threax.AspNetCore.IdServerAuth.csproj", "{A0025BB3-B13E-4A5E-8793-FE7E3C9A0FC3}"
EndProject
Project("{9A19103F-16F7-4668-BE54-9A1E7A4F7556}") = "Threax.AspNetCore.IdServerMetadata", "src\Threax.AspNetCore.IdServerMetadata\Threax.AspNetCore.IdServerMetadata.csproj", "{CCC02639-22C8-4EBA-B6B2-0EFA872B0121}"
EndProject
Project("{9A19103F-16F7-4668-BE54-9A1E7A4F7556}") = "Threax.AspNetCore.JwtCookieAuth", "src\Threax.AspNetCore.JwtCookieAuth\Threax.AspNetCore.JwtCookieAuth.csproj", "{2EFC8077-7FCB-432D-A460-E0C2A71FC260}"
EndProject
Project("{9A19103F-16F7-4668-BE54-9A1E7A4F7556}") = "Threax.AspNetCore.UrlFix", "src\Threax.AspNetCore.UrlFix\Threax.AspNetCore.UrlFix.csproj", "{A2777A79-A56B-42CA-B455-F19C01FBDE90}"
EndProject
Project("{9A19103F-16F7-4668-BE54-9A1E7A4F7556}") = "Threax.AspNetCore.UserBuilder", "src\Threax.AspNetCore.UserBuilder\Threax.AspNetCore.UserBuilder.csproj", "{296311F9-941E-464E-B0BB-25DD9BA8E74D}"
EndProject
Project("{9A19103F-16F7-4668-BE54-9A1E7A4F7556}") = "Threax.AspNetCore.UserBuilder.Entities", "src\Threax.AspNetCore.UserBuilder.Entities\Threax.AspNetCore.UserBuilder.Entities.csproj", "{89717A46-7BB6-4B4B-810C-4BA3211D02B1}"
EndProject
Project("{9A19103F-16F7-4668-BE54-9A1E7A4F7556}") = "Threax.AspNetCore.UserBuilder.Entities.Mvc", "src\Threax.AspNetCore.UserBuilder.Entities.Mvc\Threax.AspNetCore.UserBuilder.Entities.Mvc.csproj", "{E823A0CF-822F-4D98-930B-3299A7FBBB26}"
EndProject
Project("{FAE04EC0-301F-11D3-BF4B-00C04F79EFBC}") = "DevApp", "src\DevApp\DevApp.csproj", "{852BB221-1CB8-4669-A715-238996F5E294}"
EndProject
Global
	GlobalSection(SolutionConfigurationPlatforms) = preSolution
		Debug|Any CPU = Debug|Any CPU
		Release|Any CPU = Release|Any CPU
	EndGlobalSection
	GlobalSection(ProjectConfigurationPlatforms) = postSolution
		{EBB729F8-6B6B-48A8-AA7E-3117B65B5A7E}.Debug|Any CPU.ActiveCfg = Debug|Any CPU
		{EBB729F8-6B6B-48A8-AA7E-3117B65B5A7E}.Debug|Any CPU.Build.0 = Debug|Any CPU
		{EBB729F8-6B6B-48A8-AA7E-3117B65B5A7E}.Release|Any CPU.ActiveCfg = Release|Any CPU
		{EBB729F8-6B6B-48A8-AA7E-3117B65B5A7E}.Release|Any CPU.Build.0 = Release|Any CPU
		{0AD246DA-07AB-4F4C-AAFF-EFC13AACD49F}.Debug|Any CPU.ActiveCfg = Debug|Any CPU
		{0AD246DA-07AB-4F4C-AAFF-EFC13AACD49F}.Debug|Any CPU.Build.0 = Debug|Any CPU
		{0AD246DA-07AB-4F4C-AAFF-EFC13AACD49F}.Release|Any CPU.ActiveCfg = Release|Any CPU
		{0AD246DA-07AB-4F4C-AAFF-EFC13AACD49F}.Release|Any CPU.Build.0 = Release|Any CPU
		{D8EC5447-B890-4CD7-9B48-6945BE83A8AD}.Debug|Any CPU.ActiveCfg = Debug|Any CPU
		{D8EC5447-B890-4CD7-9B48-6945BE83A8AD}.Debug|Any CPU.Build.0 = Debug|Any CPU
		{D8EC5447-B890-4CD7-9B48-6945BE83A8AD}.Release|Any CPU.ActiveCfg = Release|Any CPU
		{D8EC5447-B890-4CD7-9B48-6945BE83A8AD}.Release|Any CPU.Build.0 = Release|Any CPU
		{B3B042AC-AEA9-480A-920F-E0FACDE5DAF7}.Debug|Any CPU.ActiveCfg = Debug|Any CPU
		{B3B042AC-AEA9-480A-920F-E0FACDE5DAF7}.Debug|Any CPU.Build.0 = Debug|Any CPU
		{B3B042AC-AEA9-480A-920F-E0FACDE5DAF7}.Release|Any CPU.ActiveCfg = Release|Any CPU
		{B3B042AC-AEA9-480A-920F-E0FACDE5DAF7}.Release|Any CPU.Build.0 = Release|Any CPU
		{2F5A3BF0-7E6B-45F3-8AC5-5052A4EDAD01}.Debug|Any CPU.ActiveCfg = Debug|Any CPU
		{2F5A3BF0-7E6B-45F3-8AC5-5052A4EDAD01}.Debug|Any CPU.Build.0 = Debug|Any CPU
		{2F5A3BF0-7E6B-45F3-8AC5-5052A4EDAD01}.Release|Any CPU.ActiveCfg = Release|Any CPU
		{2F5A3BF0-7E6B-45F3-8AC5-5052A4EDAD01}.Release|Any CPU.Build.0 = Release|Any CPU
		{0F437156-E559-4749-8EA9-E788DAF07F74}.Debug|Any CPU.ActiveCfg = Debug|Any CPU
		{0F437156-E559-4749-8EA9-E788DAF07F74}.Debug|Any CPU.Build.0 = Debug|Any CPU
		{0F437156-E559-4749-8EA9-E788DAF07F74}.Release|Any CPU.ActiveCfg = Release|Any CPU
		{0F437156-E559-4749-8EA9-E788DAF07F74}.Release|Any CPU.Build.0 = Release|Any CPU
		{29316056-EEE5-477C-9FC7-AC5C19E4A802}.Debug|Any CPU.ActiveCfg = Debug|Any CPU
		{29316056-EEE5-477C-9FC7-AC5C19E4A802}.Debug|Any CPU.Build.0 = Debug|Any CPU
		{29316056-EEE5-477C-9FC7-AC5C19E4A802}.Release|Any CPU.ActiveCfg = Release|Any CPU
		{29316056-EEE5-477C-9FC7-AC5C19E4A802}.Release|Any CPU.Build.0 = Release|Any CPU
		{70EA959D-1385-436A-A367-5D69C3C827C0}.Debug|Any CPU.ActiveCfg = Debug|Any CPU
		{70EA959D-1385-436A-A367-5D69C3C827C0}.Debug|Any CPU.Build.0 = Debug|Any CPU
		{70EA959D-1385-436A-A367-5D69C3C827C0}.Release|Any CPU.ActiveCfg = Release|Any CPU
		{70EA959D-1385-436A-A367-5D69C3C827C0}.Release|Any CPU.Build.0 = Release|Any CPU
		{0E522071-5FF5-4514-BA41-A827685C6446}.Debug|Any CPU.ActiveCfg = Debug|Any CPU
		{0E522071-5FF5-4514-BA41-A827685C6446}.Debug|Any CPU.Build.0 = Debug|Any CPU
		{0E522071-5FF5-4514-BA41-A827685C6446}.Release|Any CPU.ActiveCfg = Release|Any CPU
		{0E522071-5FF5-4514-BA41-A827685C6446}.Release|Any CPU.Build.0 = Release|Any CPU
		{E6863A50-5A02-4764-968F-821EE0A5CBDB}.Debug|Any CPU.ActiveCfg = Debug|Any CPU
		{E6863A50-5A02-4764-968F-821EE0A5CBDB}.Debug|Any CPU.Build.0 = Debug|Any CPU
		{E6863A50-5A02-4764-968F-821EE0A5CBDB}.Release|Any CPU.ActiveCfg = Release|Any CPU
		{E6863A50-5A02-4764-968F-821EE0A5CBDB}.Release|Any CPU.Build.0 = Release|Any CPU
		{4AEBD3E3-6C1A-4DFF-ACA3-A8C452C1E3F8}.Debug|Any CPU.ActiveCfg = Debug|Any CPU
		{4AEBD3E3-6C1A-4DFF-ACA3-A8C452C1E3F8}.Debug|Any CPU.Build.0 = Debug|Any CPU
		{4AEBD3E3-6C1A-4DFF-ACA3-A8C452C1E3F8}.Release|Any CPU.ActiveCfg = Release|Any CPU
		{4AEBD3E3-6C1A-4DFF-ACA3-A8C452C1E3F8}.Release|Any CPU.Build.0 = Release|Any CPU
		{86F4AA10-EEA5-4334-BDE1-06FBD095F0F7}.Debug|Any CPU.ActiveCfg = Debug|Any CPU
		{86F4AA10-EEA5-4334-BDE1-06FBD095F0F7}.Debug|Any CPU.Build.0 = Debug|Any CPU
		{86F4AA10-EEA5-4334-BDE1-06FBD095F0F7}.Release|Any CPU.ActiveCfg = Release|Any CPU
		{86F4AA10-EEA5-4334-BDE1-06FBD095F0F7}.Release|Any CPU.Build.0 = Release|Any CPU
		{E3EA74A6-02F6-49C9-8E97-250A6CC15227}.Debug|Any CPU.ActiveCfg = Debug|Any CPU
		{E3EA74A6-02F6-49C9-8E97-250A6CC15227}.Debug|Any CPU.Build.0 = Debug|Any CPU
		{E3EA74A6-02F6-49C9-8E97-250A6CC15227}.Release|Any CPU.ActiveCfg = Release|Any CPU
		{E3EA74A6-02F6-49C9-8E97-250A6CC15227}.Release|Any CPU.Build.0 = Release|Any CPU
		{00AAEE9B-F351-43D6-8B69-0E35939A84F1}.Debug|Any CPU.ActiveCfg = Debug|Any CPU
		{00AAEE9B-F351-43D6-8B69-0E35939A84F1}.Debug|Any CPU.Build.0 = Debug|Any CPU
		{00AAEE9B-F351-43D6-8B69-0E35939A84F1}.Release|Any CPU.ActiveCfg = Release|Any CPU
		{00AAEE9B-F351-43D6-8B69-0E35939A84F1}.Release|Any CPU.Build.0 = Release|Any CPU
		{7015E2AF-A476-4567-AF43-D5E6FD20FD91}.Debug|Any CPU.ActiveCfg = Debug|Any CPU
		{7015E2AF-A476-4567-AF43-D5E6FD20FD91}.Debug|Any CPU.Build.0 = Debug|Any CPU
		{7015E2AF-A476-4567-AF43-D5E6FD20FD91}.Release|Any CPU.ActiveCfg = Release|Any CPU
		{7015E2AF-A476-4567-AF43-D5E6FD20FD91}.Release|Any CPU.Build.0 = Release|Any CPU
		{03C147E8-4757-4178-95A2-E61E46D2A369}.Debug|Any CPU.ActiveCfg = Debug|Any CPU
		{03C147E8-4757-4178-95A2-E61E46D2A369}.Debug|Any CPU.Build.0 = Debug|Any CPU
		{03C147E8-4757-4178-95A2-E61E46D2A369}.Release|Any CPU.ActiveCfg = Release|Any CPU
		{03C147E8-4757-4178-95A2-E61E46D2A369}.Release|Any CPU.Build.0 = Release|Any CPU
		{51F2DFA0-D0B6-4FE4-AF02-EF4DE7DF7A47}.Debug|Any CPU.ActiveCfg = Debug|Any CPU
		{51F2DFA0-D0B6-4FE4-AF02-EF4DE7DF7A47}.Debug|Any CPU.Build.0 = Debug|Any CPU
		{51F2DFA0-D0B6-4FE4-AF02-EF4DE7DF7A47}.Release|Any CPU.ActiveCfg = Release|Any CPU
		{51F2DFA0-D0B6-4FE4-AF02-EF4DE7DF7A47}.Release|Any CPU.Build.0 = Release|Any CPU
		{0DC113C6-E07C-4190-9C47-8E563E30765B}.Debug|Any CPU.ActiveCfg = Debug|Any CPU
		{0DC113C6-E07C-4190-9C47-8E563E30765B}.Debug|Any CPU.Build.0 = Debug|Any CPU
		{0DC113C6-E07C-4190-9C47-8E563E30765B}.Release|Any CPU.ActiveCfg = Release|Any CPU
		{0DC113C6-E07C-4190-9C47-8E563E30765B}.Release|Any CPU.Build.0 = Release|Any CPU
		{57331298-EDF0-438D-B7AC-59F526FA591B}.Debug|Any CPU.ActiveCfg = Debug|Any CPU
		{57331298-EDF0-438D-B7AC-59F526FA591B}.Debug|Any CPU.Build.0 = Debug|Any CPU
		{57331298-EDF0-438D-B7AC-59F526FA591B}.Release|Any CPU.ActiveCfg = Release|Any CPU
		{57331298-EDF0-438D-B7AC-59F526FA591B}.Release|Any CPU.Build.0 = Release|Any CPU
		{945424A9-8EF2-4C12-97B8-AE83C58FB370}.Debug|Any CPU.ActiveCfg = Debug|Any CPU
		{945424A9-8EF2-4C12-97B8-AE83C58FB370}.Debug|Any CPU.Build.0 = Debug|Any CPU
		{945424A9-8EF2-4C12-97B8-AE83C58FB370}.Release|Any CPU.ActiveCfg = Release|Any CPU
		{945424A9-8EF2-4C12-97B8-AE83C58FB370}.Release|Any CPU.Build.0 = Release|Any CPU
		{A4B81F6D-D5B3-49BF-A894-A0370E83968D}.Debug|Any CPU.ActiveCfg = Debug|Any CPU
		{A4B81F6D-D5B3-49BF-A894-A0370E83968D}.Debug|Any CPU.Build.0 = Debug|Any CPU
		{A4B81F6D-D5B3-49BF-A894-A0370E83968D}.Release|Any CPU.ActiveCfg = Release|Any CPU
		{A4B81F6D-D5B3-49BF-A894-A0370E83968D}.Release|Any CPU.Build.0 = Release|Any CPU
		{07A002DC-2069-4EB9-9C7A-CD52988EA7E9}.Debug|Any CPU.ActiveCfg = Debug|Any CPU
		{07A002DC-2069-4EB9-9C7A-CD52988EA7E9}.Debug|Any CPU.Build.0 = Debug|Any CPU
		{07A002DC-2069-4EB9-9C7A-CD52988EA7E9}.Release|Any CPU.ActiveCfg = Release|Any CPU
		{07A002DC-2069-4EB9-9C7A-CD52988EA7E9}.Release|Any CPU.Build.0 = Release|Any CPU
		{D790892C-D130-4310-B036-3EDBECFDD943}.Debug|Any CPU.ActiveCfg = Debug|Any CPU
		{D790892C-D130-4310-B036-3EDBECFDD943}.Debug|Any CPU.Build.0 = Debug|Any CPU
		{D790892C-D130-4310-B036-3EDBECFDD943}.Release|Any CPU.ActiveCfg = Release|Any CPU
		{D790892C-D130-4310-B036-3EDBECFDD943}.Release|Any CPU.Build.0 = Release|Any CPU
		{A0025BB3-B13E-4A5E-8793-FE7E3C9A0FC3}.Debug|Any CPU.ActiveCfg = Debug|Any CPU
		{A0025BB3-B13E-4A5E-8793-FE7E3C9A0FC3}.Debug|Any CPU.Build.0 = Debug|Any CPU
		{A0025BB3-B13E-4A5E-8793-FE7E3C9A0FC3}.Release|Any CPU.ActiveCfg = Release|Any CPU
		{A0025BB3-B13E-4A5E-8793-FE7E3C9A0FC3}.Release|Any CPU.Build.0 = Release|Any CPU
		{CCC02639-22C8-4EBA-B6B2-0EFA872B0121}.Debug|Any CPU.ActiveCfg = Debug|Any CPU
		{CCC02639-22C8-4EBA-B6B2-0EFA872B0121}.Debug|Any CPU.Build.0 = Debug|Any CPU
		{CCC02639-22C8-4EBA-B6B2-0EFA872B0121}.Release|Any CPU.ActiveCfg = Release|Any CPU
		{CCC02639-22C8-4EBA-B6B2-0EFA872B0121}.Release|Any CPU.Build.0 = Release|Any CPU
		{2EFC8077-7FCB-432D-A460-E0C2A71FC260}.Debug|Any CPU.ActiveCfg = Debug|Any CPU
		{2EFC8077-7FCB-432D-A460-E0C2A71FC260}.Debug|Any CPU.Build.0 = Debug|Any CPU
		{2EFC8077-7FCB-432D-A460-E0C2A71FC260}.Release|Any CPU.ActiveCfg = Release|Any CPU
		{2EFC8077-7FCB-432D-A460-E0C2A71FC260}.Release|Any CPU.Build.0 = Release|Any CPU
		{A2777A79-A56B-42CA-B455-F19C01FBDE90}.Debug|Any CPU.ActiveCfg = Debug|Any CPU
		{A2777A79-A56B-42CA-B455-F19C01FBDE90}.Debug|Any CPU.Build.0 = Debug|Any CPU
		{A2777A79-A56B-42CA-B455-F19C01FBDE90}.Release|Any CPU.ActiveCfg = Release|Any CPU
		{A2777A79-A56B-42CA-B455-F19C01FBDE90}.Release|Any CPU.Build.0 = Release|Any CPU
		{296311F9-941E-464E-B0BB-25DD9BA8E74D}.Debug|Any CPU.ActiveCfg = Debug|Any CPU
		{296311F9-941E-464E-B0BB-25DD9BA8E74D}.Debug|Any CPU.Build.0 = Debug|Any CPU
		{296311F9-941E-464E-B0BB-25DD9BA8E74D}.Release|Any CPU.ActiveCfg = Release|Any CPU
		{296311F9-941E-464E-B0BB-25DD9BA8E74D}.Release|Any CPU.Build.0 = Release|Any CPU
		{89717A46-7BB6-4B4B-810C-4BA3211D02B1}.Debug|Any CPU.ActiveCfg = Debug|Any CPU
		{89717A46-7BB6-4B4B-810C-4BA3211D02B1}.Debug|Any CPU.Build.0 = Debug|Any CPU
		{89717A46-7BB6-4B4B-810C-4BA3211D02B1}.Release|Any CPU.ActiveCfg = Release|Any CPU
		{89717A46-7BB6-4B4B-810C-4BA3211D02B1}.Release|Any CPU.Build.0 = Release|Any CPU
		{E823A0CF-822F-4D98-930B-3299A7FBBB26}.Debug|Any CPU.ActiveCfg = Debug|Any CPU
		{E823A0CF-822F-4D98-930B-3299A7FBBB26}.Debug|Any CPU.Build.0 = Debug|Any CPU
		{E823A0CF-822F-4D98-930B-3299A7FBBB26}.Release|Any CPU.ActiveCfg = Release|Any CPU
		{E823A0CF-822F-4D98-930B-3299A7FBBB26}.Release|Any CPU.Build.0 = Release|Any CPU
		{852BB221-1CB8-4669-A715-238996F5E294}.Debug|Any CPU.ActiveCfg = Debug|Any CPU
		{852BB221-1CB8-4669-A715-238996F5E294}.Debug|Any CPU.Build.0 = Debug|Any CPU
		{852BB221-1CB8-4669-A715-238996F5E294}.Release|Any CPU.ActiveCfg = Release|Any CPU
		{852BB221-1CB8-4669-A715-238996F5E294}.Release|Any CPU.Build.0 = Release|Any CPU
	EndGlobalSection
	GlobalSection(SolutionProperties) = preSolution
		HideSolutionNode = FALSE
	EndGlobalSection
	GlobalSection(NestedProjects) = preSolution
		{EBB729F8-6B6B-48A8-AA7E-3117B65B5A7E} = {EBBC3E56-D59A-447E-8021-DA2D17B6AD50}
		{0AD246DA-07AB-4F4C-AAFF-EFC13AACD49F} = {EBBC3E56-D59A-447E-8021-DA2D17B6AD50}
		{D8EC5447-B890-4CD7-9B48-6945BE83A8AD} = {EBBC3E56-D59A-447E-8021-DA2D17B6AD50}
		{B3B042AC-AEA9-480A-920F-E0FACDE5DAF7} = {EBBC3E56-D59A-447E-8021-DA2D17B6AD50}
		{2F5A3BF0-7E6B-45F3-8AC5-5052A4EDAD01} = {EBBC3E56-D59A-447E-8021-DA2D17B6AD50}
		{0F437156-E559-4749-8EA9-E788DAF07F74} = {EBBC3E56-D59A-447E-8021-DA2D17B6AD50}
		{29316056-EEE5-477C-9FC7-AC5C19E4A802} = {EBBC3E56-D59A-447E-8021-DA2D17B6AD50}
		{70EA959D-1385-436A-A367-5D69C3C827C0} = {EBBC3E56-D59A-447E-8021-DA2D17B6AD50}
		{0E522071-5FF5-4514-BA41-A827685C6446} = {EBBC3E56-D59A-447E-8021-DA2D17B6AD50}
		{E6863A50-5A02-4764-968F-821EE0A5CBDB} = {EBBC3E56-D59A-447E-8021-DA2D17B6AD50}
		{4AEBD3E3-6C1A-4DFF-ACA3-A8C452C1E3F8} = {EBBC3E56-D59A-447E-8021-DA2D17B6AD50}
		{86F4AA10-EEA5-4334-BDE1-06FBD095F0F7} = {7F53A428-36B0-4592-B3F6-7B63CCC40986}
		{E3EA74A6-02F6-49C9-8E97-250A6CC15227} = {EBBC3E56-D59A-447E-8021-DA2D17B6AD50}
		{00AAEE9B-F351-43D6-8B69-0E35939A84F1} = {7F53A428-36B0-4592-B3F6-7B63CCC40986}
		{7015E2AF-A476-4567-AF43-D5E6FD20FD91} = {EBBC3E56-D59A-447E-8021-DA2D17B6AD50}
		{03C147E8-4757-4178-95A2-E61E46D2A369} = {7F53A428-36B0-4592-B3F6-7B63CCC40986}
		{51F2DFA0-D0B6-4FE4-AF02-EF4DE7DF7A47} = {EBBC3E56-D59A-447E-8021-DA2D17B6AD50}
		{0DC113C6-E07C-4190-9C47-8E563E30765B} = {EBBC3E56-D59A-447E-8021-DA2D17B6AD50}
		{57331298-EDF0-438D-B7AC-59F526FA591B} = {EBBC3E56-D59A-447E-8021-DA2D17B6AD50}
		{945424A9-8EF2-4C12-97B8-AE83C58FB370} = {EBBC3E56-D59A-447E-8021-DA2D17B6AD50}
		{A4B81F6D-D5B3-49BF-A894-A0370E83968D} = {EBBC3E56-D59A-447E-8021-DA2D17B6AD50}
		{07A002DC-2069-4EB9-9C7A-CD52988EA7E9} = {EBBC3E56-D59A-447E-8021-DA2D17B6AD50}
		{D790892C-D130-4310-B036-3EDBECFDD943} = {EBBC3E56-D59A-447E-8021-DA2D17B6AD50}
		{A0025BB3-B13E-4A5E-8793-FE7E3C9A0FC3} = {EBBC3E56-D59A-447E-8021-DA2D17B6AD50}
		{CCC02639-22C8-4EBA-B6B2-0EFA872B0121} = {EBBC3E56-D59A-447E-8021-DA2D17B6AD50}
		{2EFC8077-7FCB-432D-A460-E0C2A71FC260} = {EBBC3E56-D59A-447E-8021-DA2D17B6AD50}
		{A2777A79-A56B-42CA-B455-F19C01FBDE90} = {EBBC3E56-D59A-447E-8021-DA2D17B6AD50}
		{296311F9-941E-464E-B0BB-25DD9BA8E74D} = {EBBC3E56-D59A-447E-8021-DA2D17B6AD50}
		{89717A46-7BB6-4B4B-810C-4BA3211D02B1} = {EBBC3E56-D59A-447E-8021-DA2D17B6AD50}
		{E823A0CF-822F-4D98-930B-3299A7FBBB26} = {EBBC3E56-D59A-447E-8021-DA2D17B6AD50}
		{852BB221-1CB8-4669-A715-238996F5E294} = {EBBC3E56-D59A-447E-8021-DA2D17B6AD50}
	EndGlobalSection
	GlobalSection(ExtensibilityGlobals) = postSolution
		SolutionGuid = {432C63C5-4BBE-4AE4-8963-48D7FCCBA395}
	EndGlobalSection
EndGlobal
