
Microsoft Visual Studio Solution File, Format Version 12.00
# Visual Studio 15
VisualStudioVersion = 15.0.27130.2027
MinimumVisualStudioVersion = 10.0.40219.1
Project("{2150E333-8FDC-42A3-9474-1A3956D46DE8}") = "src", "src", "{EBBC3E56-D59A-447E-8021-DA2D17B6AD50}"
EndProject
Project("{2150E333-8FDC-42A3-9474-1A3956D46DE8}") = "Solution Items", "Solution Items", "{C7333F03-3D9B-434C-84DE-B27FDD3A3743}"
EndProject
Project("{9A19103F-16F7-4668-BE54-9A1E7A4F7556}") = "Threax.AspNetCore.Halcyon.Ext", "src\Threax.AspNetCore.Halcyon.Ext\Threax.AspNetCore.Halcyon.Ext.csproj", "{EBB729F8-6B6B-48A8-AA7E-3117B65B5A7E}"
EndProject
Project("{9A19103F-16F7-4668-BE54-9A1E7A4F7556}") = "Threax.AspNetCore.Halcyon.Client", "src\Threax.AspNetCore.Halcyon.Client\Threax.AspNetCore.Halcyon.Client.csproj", "{B3B042AC-AEA9-480A-920F-E0FACDE5DAF7}"
EndProject
Project("{9A19103F-16F7-4668-BE54-9A1E7A4F7556}") = "Threax.AspNetCore.Halcyon", "src\Threax.AspNetCore.Halcyon\Threax.AspNetCore.Halcyon.csproj", "{2F5A3BF0-7E6B-45F3-8AC5-5052A4EDAD01}"
EndProject
Project("{9A19103F-16F7-4668-BE54-9A1E7A4F7556}") = "Threax.AspNetCore.Halcyon.ClientGen", "src\Threax.AspNetCore.Halcyon.ClientGen\Threax.AspNetCore.Halcyon.ClientGen.csproj", "{70EA959D-1385-436A-A367-5D69C3C827C0}"
EndProject
Project("{2150E333-8FDC-42A3-9474-1A3956D46DE8}") = "test", "test", "{7F53A428-36B0-4592-B3F6-7B63CCC40986}"
EndProject
Project("{9A19103F-16F7-4668-BE54-9A1E7A4F7556}") = "Threax.AspNetCore.Halcyon.Client.Tests", "test\Threax.AspNetCore.Halcyon.Client.Tests\Threax.AspNetCore.Halcyon.Client.Tests.csproj", "{00AAEE9B-F351-43D6-8B69-0E35939A84F1}"
EndProject
Project("{9A19103F-16F7-4668-BE54-9A1E7A4F7556}") = "Threax.AspNetCore.Models", "src\Threax.AspNetCore.Models\Threax.AspNetCore.Models.csproj", "{0DC113C6-E07C-4190-9C47-8E563E30765B}"
EndProject
Project("{9A19103F-16F7-4668-BE54-9A1E7A4F7556}") = "Threax.ModelGen", "src\Threax.ModelGen\Threax.ModelGen.csproj", "{57331298-EDF0-438D-B7AC-59F526FA591B}"
EndProject
Project("{9A19103F-16F7-4668-BE54-9A1E7A4F7556}") = "Threax.AspNetCore.Halcyon.ClientGen.Tools", "src\Threax.AspNetCore.Halcyon.ClientGen.Tools\Threax.AspNetCore.Halcyon.ClientGen.Tools.csproj", "{A4B81F6D-D5B3-49BF-A894-A0370E83968D}"
EndProject
Project("{9A19103F-16F7-4668-BE54-9A1E7A4F7556}") = "Threax.AspNetCore.Models.Tests", "test\Threax.AspNetCore.Models.Tests\Threax.AspNetCore.Models.Tests.csproj", "{4BEA5E5E-B429-4466-BBFB-15D174C8C6B7}"
EndProject
Project("{9A19103F-16F7-4668-BE54-9A1E7A4F7556}") = "Threax.ModelGen.Tests", "test\Threax.ModelGen.Tests\Threax.ModelGen.Tests.csproj", "{7B0A6072-0757-4D78-BC13-E3F03D140699}"
EndProject
Project("{9A19103F-16F7-4668-BE54-9A1E7A4F7556}") = "Threax.AspNetCore.Halcyon.ClientGen.Tests", "test\Threax.AspNetCore.Halcyon.ClientGen.Tests\Threax.AspNetCore.Halcyon.ClientGen.Tests.csproj", "{129159EF-D56E-487D-88B0-3BA6561D5FA3}"
EndProject
Project("{FAE04EC0-301F-11D3-BF4B-00C04F79EFBC}") = "Threax.AspNetCore.Halcyon.Ext.Tests", "Threax.AspNetCore.Halcyon.Ext.Tests\Threax.AspNetCore.Halcyon.Ext.Tests.csproj", "{860881EE-12E3-4F48-B5CA-CC48E5B48336}"
EndProject
Global
	GlobalSection(SolutionConfigurationPlatforms) = preSolution
		Debug|Any CPU = Debug|Any CPU
		Release|Any CPU = Release|Any CPU
	EndGlobalSection
	GlobalSection(ProjectConfigurationPlatforms) = postSolution
		{EBB729F8-6B6B-48A8-AA7E-3117B65B5A7E}.Debug|Any CPU.ActiveCfg = Debug|Any CPU
		{EBB729F8-6B6B-48A8-AA7E-3117B65B5A7E}.Debug|Any CPU.Build.0 = Debug|Any CPU
		{EBB729F8-6B6B-48A8-AA7E-3117B65B5A7E}.Release|Any CPU.ActiveCfg = Release|Any CPU
		{EBB729F8-6B6B-48A8-AA7E-3117B65B5A7E}.Release|Any CPU.Build.0 = Release|Any CPU
		{B3B042AC-AEA9-480A-920F-E0FACDE5DAF7}.Debug|Any CPU.ActiveCfg = Debug|Any CPU
		{B3B042AC-AEA9-480A-920F-E0FACDE5DAF7}.Debug|Any CPU.Build.0 = Debug|Any CPU
		{B3B042AC-AEA9-480A-920F-E0FACDE5DAF7}.Release|Any CPU.ActiveCfg = Release|Any CPU
		{B3B042AC-AEA9-480A-920F-E0FACDE5DAF7}.Release|Any CPU.Build.0 = Release|Any CPU
		{2F5A3BF0-7E6B-45F3-8AC5-5052A4EDAD01}.Debug|Any CPU.ActiveCfg = Debug|Any CPU
		{2F5A3BF0-7E6B-45F3-8AC5-5052A4EDAD01}.Debug|Any CPU.Build.0 = Debug|Any CPU
		{2F5A3BF0-7E6B-45F3-8AC5-5052A4EDAD01}.Release|Any CPU.ActiveCfg = Release|Any CPU
		{2F5A3BF0-7E6B-45F3-8AC5-5052A4EDAD01}.Release|Any CPU.Build.0 = Release|Any CPU
		{70EA959D-1385-436A-A367-5D69C3C827C0}.Debug|Any CPU.ActiveCfg = Debug|Any CPU
		{70EA959D-1385-436A-A367-5D69C3C827C0}.Debug|Any CPU.Build.0 = Debug|Any CPU
		{70EA959D-1385-436A-A367-5D69C3C827C0}.Release|Any CPU.ActiveCfg = Release|Any CPU
		{70EA959D-1385-436A-A367-5D69C3C827C0}.Release|Any CPU.Build.0 = Release|Any CPU
		{00AAEE9B-F351-43D6-8B69-0E35939A84F1}.Debug|Any CPU.ActiveCfg = Debug|Any CPU
		{00AAEE9B-F351-43D6-8B69-0E35939A84F1}.Debug|Any CPU.Build.0 = Debug|Any CPU
		{00AAEE9B-F351-43D6-8B69-0E35939A84F1}.Release|Any CPU.ActiveCfg = Release|Any CPU
		{00AAEE9B-F351-43D6-8B69-0E35939A84F1}.Release|Any CPU.Build.0 = Release|Any CPU
		{0DC113C6-E07C-4190-9C47-8E563E30765B}.Debug|Any CPU.ActiveCfg = Debug|Any CPU
		{0DC113C6-E07C-4190-9C47-8E563E30765B}.Debug|Any CPU.Build.0 = Debug|Any CPU
		{0DC113C6-E07C-4190-9C47-8E563E30765B}.Release|Any CPU.ActiveCfg = Release|Any CPU
		{0DC113C6-E07C-4190-9C47-8E563E30765B}.Release|Any CPU.Build.0 = Release|Any CPU
		{57331298-EDF0-438D-B7AC-59F526FA591B}.Debug|Any CPU.ActiveCfg = Debug|Any CPU
		{57331298-EDF0-438D-B7AC-59F526FA591B}.Debug|Any CPU.Build.0 = Debug|Any CPU
		{57331298-EDF0-438D-B7AC-59F526FA591B}.Release|Any CPU.ActiveCfg = Release|Any CPU
		{57331298-EDF0-438D-B7AC-59F526FA591B}.Release|Any CPU.Build.0 = Release|Any CPU
		{A4B81F6D-D5B3-49BF-A894-A0370E83968D}.Debug|Any CPU.ActiveCfg = Debug|Any CPU
		{A4B81F6D-D5B3-49BF-A894-A0370E83968D}.Debug|Any CPU.Build.0 = Debug|Any CPU
		{A4B81F6D-D5B3-49BF-A894-A0370E83968D}.Release|Any CPU.ActiveCfg = Release|Any CPU
		{A4B81F6D-D5B3-49BF-A894-A0370E83968D}.Release|Any CPU.Build.0 = Release|Any CPU
		{4BEA5E5E-B429-4466-BBFB-15D174C8C6B7}.Debug|Any CPU.ActiveCfg = Debug|Any CPU
		{4BEA5E5E-B429-4466-BBFB-15D174C8C6B7}.Debug|Any CPU.Build.0 = Debug|Any CPU
		{4BEA5E5E-B429-4466-BBFB-15D174C8C6B7}.Release|Any CPU.ActiveCfg = Release|Any CPU
		{4BEA5E5E-B429-4466-BBFB-15D174C8C6B7}.Release|Any CPU.Build.0 = Release|Any CPU
		{7B0A6072-0757-4D78-BC13-E3F03D140699}.Debug|Any CPU.ActiveCfg = Debug|Any CPU
		{7B0A6072-0757-4D78-BC13-E3F03D140699}.Debug|Any CPU.Build.0 = Debug|Any CPU
		{7B0A6072-0757-4D78-BC13-E3F03D140699}.Release|Any CPU.ActiveCfg = Release|Any CPU
		{7B0A6072-0757-4D78-BC13-E3F03D140699}.Release|Any CPU.Build.0 = Release|Any CPU
		{129159EF-D56E-487D-88B0-3BA6561D5FA3}.Debug|Any CPU.ActiveCfg = Debug|Any CPU
		{129159EF-D56E-487D-88B0-3BA6561D5FA3}.Debug|Any CPU.Build.0 = Debug|Any CPU
		{129159EF-D56E-487D-88B0-3BA6561D5FA3}.Release|Any CPU.ActiveCfg = Release|Any CPU
		{129159EF-D56E-487D-88B0-3BA6561D5FA3}.Release|Any CPU.Build.0 = Release|Any CPU
		{860881EE-12E3-4F48-B5CA-CC48E5B48336}.Debug|Any CPU.ActiveCfg = Debug|Any CPU
		{860881EE-12E3-4F48-B5CA-CC48E5B48336}.Debug|Any CPU.Build.0 = Debug|Any CPU
		{860881EE-12E3-4F48-B5CA-CC48E5B48336}.Release|Any CPU.ActiveCfg = Release|Any CPU
		{860881EE-12E3-4F48-B5CA-CC48E5B48336}.Release|Any CPU.Build.0 = Release|Any CPU
	EndGlobalSection
	GlobalSection(SolutionProperties) = preSolution
		HideSolutionNode = FALSE
	EndGlobalSection
	GlobalSection(NestedProjects) = preSolution
		{EBB729F8-6B6B-48A8-AA7E-3117B65B5A7E} = {EBBC3E56-D59A-447E-8021-DA2D17B6AD50}
		{B3B042AC-AEA9-480A-920F-E0FACDE5DAF7} = {EBBC3E56-D59A-447E-8021-DA2D17B6AD50}
		{2F5A3BF0-7E6B-45F3-8AC5-5052A4EDAD01} = {EBBC3E56-D59A-447E-8021-DA2D17B6AD50}
		{70EA959D-1385-436A-A367-5D69C3C827C0} = {EBBC3E56-D59A-447E-8021-DA2D17B6AD50}
		{00AAEE9B-F351-43D6-8B69-0E35939A84F1} = {7F53A428-36B0-4592-B3F6-7B63CCC40986}
		{0DC113C6-E07C-4190-9C47-8E563E30765B} = {EBBC3E56-D59A-447E-8021-DA2D17B6AD50}
		{57331298-EDF0-438D-B7AC-59F526FA591B} = {EBBC3E56-D59A-447E-8021-DA2D17B6AD50}
		{A4B81F6D-D5B3-49BF-A894-A0370E83968D} = {EBBC3E56-D59A-447E-8021-DA2D17B6AD50}
		{4BEA5E5E-B429-4466-BBFB-15D174C8C6B7} = {7F53A428-36B0-4592-B3F6-7B63CCC40986}
		{7B0A6072-0757-4D78-BC13-E3F03D140699} = {7F53A428-36B0-4592-B3F6-7B63CCC40986}
		{129159EF-D56E-487D-88B0-3BA6561D5FA3} = {7F53A428-36B0-4592-B3F6-7B63CCC40986}
		{860881EE-12E3-4F48-B5CA-CC48E5B48336} = {7F53A428-36B0-4592-B3F6-7B63CCC40986}
	EndGlobalSection
	GlobalSection(ExtensibilityGlobals) = postSolution
		SolutionGuid = {432C63C5-4BBE-4AE4-8963-48D7FCCBA395}
	EndGlobalSection
EndGlobal
