
Microsoft Visual Studio Solution File, Format Version 12.00
# Visual Studio 15
VisualStudioVersion = 15.0.26228.9
MinimumVisualStudioVersion = 10.0.40219.1
Project("{2150E333-8FDC-42A3-9474-1A3956D46DE8}") = "src", "src", "{EBBC3E56-D59A-447E-8021-DA2D17B6AD50}"
EndProject
Project("{2150E333-8FDC-42A3-9474-1A3956D46DE8}") = "Solution Items", "Solution Items", "{C7333F03-3D9B-434C-84DE-B27FDD3A3743}"
EndProject
Project("{9A19103F-16F7-4668-BE54-9A1E7A4F7556}") = "Threax.AspNetCore.ClientGenerator", "src\Threax.AspNetCore.ClientGenerator\Threax.AspNetCore.ClientGenerator.csproj", "{C6992B36-B17E-4BCE-9A79-44B3DFBA1912}"
EndProject
Project("{9A19103F-16F7-4668-BE54-9A1E7A4F7556}") = "Threax.AspNetCore.Halcyon.Ext", "src\Threax.AspNetCore.Halcyon.Ext\Threax.AspNetCore.Halcyon.Ext.csproj", "{EBB729F8-6B6B-48A8-AA7E-3117B65B5A7E}"
EndProject
Project("{9A19103F-16F7-4668-BE54-9A1E7A4F7556}") = "TestHalcyonApi", "src\TestHalcyonApi\TestHalcyonApi.csproj", "{0AD246DA-07AB-4F4C-AAFF-EFC13AACD49F}"
EndProject
Project("{9A19103F-16F7-4668-BE54-9A1E7A4F7556}") = "HalcyonApiBrowser", "src\HalcyonApiBrowser\HalcyonApiBrowser.csproj", "{D8EC5447-B890-4CD7-9B48-6945BE83A8AD}"
EndProject
Project("{9A19103F-16F7-4668-BE54-9A1E7A4F7556}") = "Threax.AspNetCore.Halcyon.Client", "src\Threax.AspNetCore.Halcyon.Client\Threax.AspNetCore.Halcyon.Client.csproj", "{B3B042AC-AEA9-480A-920F-E0FACDE5DAF7}"
EndProject
Project("{9A19103F-16F7-4668-BE54-9A1E7A4F7556}") = "Threax.AspNetCore.Halcyon", "src\Threax.AspNetCore.Halcyon\Threax.AspNetCore.Halcyon.csproj", "{2F5A3BF0-7E6B-45F3-8AC5-5052A4EDAD01}"
EndProject
Project("{9A19103F-16F7-4668-BE54-9A1E7A4F7556}") = "Threax.AspNetCore.ExceptionFilter", "src\Threax.AspNetCore.ExceptionFilter\Threax.AspNetCore.ExceptionFilter.csproj", "{0F437156-E559-4749-8EA9-E788DAF07F74}"
EndProject
Project("{9A19103F-16F7-4668-BE54-9A1E7A4F7556}") = "Threax.AspNetCore.BuiltInTools", "src\Threax.AspNetCore.BuiltInTools\Threax.AspNetCore.BuiltInTools.csproj", "{29316056-EEE5-477C-9FC7-AC5C19E4A802}"
EndProject
Project("{9A19103F-16F7-4668-BE54-9A1E7A4F7556}") = "Threax.AspNetCore.Halcyon.ClientGen", "src\Threax.AspNetCore.Halcyon.ClientGen\Threax.AspNetCore.Halcyon.ClientGen.csproj", "{70EA959D-1385-436A-A367-5D69C3C827C0}"
EndProject
Project("{FAE04EC0-301F-11D3-BF4B-00C04F79EFBC}") = "Threax.NetCore.FileCopier", "Threax.NetCore.FileCopier\Threax.NetCore.FileCopier.csproj", "{CA7CC38B-2F7B-4423-A897-9D46A0F602D3}"
EndProject
Global
	GlobalSection(SolutionConfigurationPlatforms) = preSolution
		Debug|Any CPU = Debug|Any CPU
		Release|Any CPU = Release|Any CPU
	EndGlobalSection
	GlobalSection(ProjectConfigurationPlatforms) = postSolution
		{C6992B36-B17E-4BCE-9A79-44B3DFBA1912}.Debug|Any CPU.ActiveCfg = Debug|Any CPU
		{C6992B36-B17E-4BCE-9A79-44B3DFBA1912}.Debug|Any CPU.Build.0 = Debug|Any CPU
		{C6992B36-B17E-4BCE-9A79-44B3DFBA1912}.Release|Any CPU.ActiveCfg = Release|Any CPU
		{C6992B36-B17E-4BCE-9A79-44B3DFBA1912}.Release|Any CPU.Build.0 = Release|Any CPU
		{EBB729F8-6B6B-48A8-AA7E-3117B65B5A7E}.Debug|Any CPU.ActiveCfg = Debug|Any CPU
		{EBB729F8-6B6B-48A8-AA7E-3117B65B5A7E}.Debug|Any CPU.Build.0 = Debug|Any CPU
		{EBB729F8-6B6B-48A8-AA7E-3117B65B5A7E}.Release|Any CPU.ActiveCfg = Release|Any CPU
		{EBB729F8-6B6B-48A8-AA7E-3117B65B5A7E}.Release|Any CPU.Build.0 = Release|Any CPU
		{0AD246DA-07AB-4F4C-AAFF-EFC13AACD49F}.Debug|Any CPU.ActiveCfg = Debug|Any CPU
		{0AD246DA-07AB-4F4C-AAFF-EFC13AACD49F}.Debug|Any CPU.Build.0 = Debug|Any CPU
		{0AD246DA-07AB-4F4C-AAFF-EFC13AACD49F}.Release|Any CPU.ActiveCfg = Release|Any CPU
		{0AD246DA-07AB-4F4C-AAFF-EFC13AACD49F}.Release|Any CPU.Build.0 = Release|Any CPU
		{D8EC5447-B890-4CD7-9B48-6945BE83A8AD}.Debug|Any CPU.ActiveCfg = Debug|Any CPU
		{D8EC5447-B890-4CD7-9B48-6945BE83A8AD}.Debug|Any CPU.Build.0 = Debug|Any CPU
		{D8EC5447-B890-4CD7-9B48-6945BE83A8AD}.Release|Any CPU.ActiveCfg = Release|Any CPU
		{D8EC5447-B890-4CD7-9B48-6945BE83A8AD}.Release|Any CPU.Build.0 = Release|Any CPU
		{B3B042AC-AEA9-480A-920F-E0FACDE5DAF7}.Debug|Any CPU.ActiveCfg = Debug|Any CPU
		{B3B042AC-AEA9-480A-920F-E0FACDE5DAF7}.Debug|Any CPU.Build.0 = Debug|Any CPU
		{B3B042AC-AEA9-480A-920F-E0FACDE5DAF7}.Release|Any CPU.ActiveCfg = Release|Any CPU
		{B3B042AC-AEA9-480A-920F-E0FACDE5DAF7}.Release|Any CPU.Build.0 = Release|Any CPU
		{2F5A3BF0-7E6B-45F3-8AC5-5052A4EDAD01}.Debug|Any CPU.ActiveCfg = Debug|Any CPU
		{2F5A3BF0-7E6B-45F3-8AC5-5052A4EDAD01}.Debug|Any CPU.Build.0 = Debug|Any CPU
		{2F5A3BF0-7E6B-45F3-8AC5-5052A4EDAD01}.Release|Any CPU.ActiveCfg = Release|Any CPU
		{2F5A3BF0-7E6B-45F3-8AC5-5052A4EDAD01}.Release|Any CPU.Build.0 = Release|Any CPU
		{0F437156-E559-4749-8EA9-E788DAF07F74}.Debug|Any CPU.ActiveCfg = Debug|Any CPU
		{0F437156-E559-4749-8EA9-E788DAF07F74}.Debug|Any CPU.Build.0 = Debug|Any CPU
		{0F437156-E559-4749-8EA9-E788DAF07F74}.Release|Any CPU.ActiveCfg = Release|Any CPU
		{0F437156-E559-4749-8EA9-E788DAF07F74}.Release|Any CPU.Build.0 = Release|Any CPU
		{29316056-EEE5-477C-9FC7-AC5C19E4A802}.Debug|Any CPU.ActiveCfg = Debug|Any CPU
		{29316056-EEE5-477C-9FC7-AC5C19E4A802}.Debug|Any CPU.Build.0 = Debug|Any CPU
		{29316056-EEE5-477C-9FC7-AC5C19E4A802}.Release|Any CPU.ActiveCfg = Release|Any CPU
		{29316056-EEE5-477C-9FC7-AC5C19E4A802}.Release|Any CPU.Build.0 = Release|Any CPU
		{70EA959D-1385-436A-A367-5D69C3C827C0}.Debug|Any CPU.ActiveCfg = Debug|Any CPU
		{70EA959D-1385-436A-A367-5D69C3C827C0}.Debug|Any CPU.Build.0 = Debug|Any CPU
		{70EA959D-1385-436A-A367-5D69C3C827C0}.Release|Any CPU.ActiveCfg = Release|Any CPU
		{70EA959D-1385-436A-A367-5D69C3C827C0}.Release|Any CPU.Build.0 = Release|Any CPU
		{CA7CC38B-2F7B-4423-A897-9D46A0F602D3}.Debug|Any CPU.ActiveCfg = Debug|Any CPU
		{CA7CC38B-2F7B-4423-A897-9D46A0F602D3}.Debug|Any CPU.Build.0 = Debug|Any CPU
		{CA7CC38B-2F7B-4423-A897-9D46A0F602D3}.Release|Any CPU.ActiveCfg = Release|Any CPU
		{CA7CC38B-2F7B-4423-A897-9D46A0F602D3}.Release|Any CPU.Build.0 = Release|Any CPU
	EndGlobalSection
	GlobalSection(SolutionProperties) = preSolution
		HideSolutionNode = FALSE
	EndGlobalSection
	GlobalSection(NestedProjects) = preSolution
		{C6992B36-B17E-4BCE-9A79-44B3DFBA1912} = {EBBC3E56-D59A-447E-8021-DA2D17B6AD50}
		{EBB729F8-6B6B-48A8-AA7E-3117B65B5A7E} = {EBBC3E56-D59A-447E-8021-DA2D17B6AD50}
		{0AD246DA-07AB-4F4C-AAFF-EFC13AACD49F} = {EBBC3E56-D59A-447E-8021-DA2D17B6AD50}
		{D8EC5447-B890-4CD7-9B48-6945BE83A8AD} = {EBBC3E56-D59A-447E-8021-DA2D17B6AD50}
		{B3B042AC-AEA9-480A-920F-E0FACDE5DAF7} = {EBBC3E56-D59A-447E-8021-DA2D17B6AD50}
		{2F5A3BF0-7E6B-45F3-8AC5-5052A4EDAD01} = {EBBC3E56-D59A-447E-8021-DA2D17B6AD50}
		{0F437156-E559-4749-8EA9-E788DAF07F74} = {EBBC3E56-D59A-447E-8021-DA2D17B6AD50}
		{29316056-EEE5-477C-9FC7-AC5C19E4A802} = {EBBC3E56-D59A-447E-8021-DA2D17B6AD50}
		{70EA959D-1385-436A-A367-5D69C3C827C0} = {EBBC3E56-D59A-447E-8021-DA2D17B6AD50}
		{CA7CC38B-2F7B-4423-A897-9D46A0F602D3} = {EBBC3E56-D59A-447E-8021-DA2D17B6AD50}
	EndGlobalSection
EndGlobal
