
Microsoft Visual Studio Solution File, Format Version 12.00
# Visual Studio 14
VisualStudioVersion = 14.0.25420.1
MinimumVisualStudioVersion = 10.0.40219.1
Project("{2150E333-8FDC-42A3-9474-1A3956D46DE8}") = "src", "src", "{EBBC3E56-D59A-447E-8021-DA2D17B6AD50}"
EndProject
Project("{2150E333-8FDC-42A3-9474-1A3956D46DE8}") = "Solution Items", "Solution Items", "{C7333F03-3D9B-434C-84DE-B27FDD3A3743}"
	ProjectSection(SolutionItems) = preProject
		global.json = global.json
	EndProjectSection
EndProject
Project("{8BB2217D-0F2D-49D1-97BC-3654ED321F3B}") = "Threax.AspNetCore.Swashbuckle.Convention", "src\Threax.AspNetCore.Swashbuckle.Convention\Threax.AspNetCore.Swashbuckle.Convention.xproj", "{26A28CE4-9896-4637-8B57-75E79AB97FB1}"
EndProject
Project("{8BB2217D-0F2D-49D1-97BC-3654ED321F3B}") = "TestApi", "src\TestApi\TestApi.xproj", "{30B7D125-BC93-451D-9065-F2029E61D53D}"
EndProject
Project("{8BB2217D-0F2D-49D1-97BC-3654ED321F3B}") = "Threax.AspNetCore.ExceptionToJson", "src\Threax.AspNetCore.ExceptionToJson\Threax.AspNetCore.ExceptionToJson.xproj", "{5B8700B7-8C1E-44AE-807C-64DC1C7BA7D7}"
EndProject
Project("{8BB2217D-0F2D-49D1-97BC-3654ED321F3B}") = "Threax.AspNetCore.ClientGenerator", "src\Threax.AspNetCore.ClientGenerator\Threax.AspNetCore.ClientGenerator.xproj", "{C6992B36-B17E-4BCE-9A79-44B3DFBA1912}"
EndProject
Project("{FAE04EC0-301F-11D3-BF4B-00C04F79EFBC}") = "TemplateGenerator", "TemplateGenerator\TemplateGenerator.csproj", "{D29B3712-0FBC-43AB-ABAF-74B6BFDE3271}"
EndProject
Project("{8BB2217D-0F2D-49D1-97BC-3654ED321F3B}") = "Threax.AspNetCore.Halcyon.Ext", "src\Threax.AspNetCore.Halcyon.Ext\Threax.AspNetCore.Halcyon.Ext.xproj", "{EBB729F8-6B6B-48A8-AA7E-3117B65B5A7E}"
EndProject
Project("{8BB2217D-0F2D-49D1-97BC-3654ED321F3B}") = "TestHalcyonApi", "src\TestHalcyonApi\TestHalcyonApi.xproj", "{0AD246DA-07AB-4F4C-AAFF-EFC13AACD49F}"
EndProject
Project("{8BB2217D-0F2D-49D1-97BC-3654ED321F3B}") = "HalcyonApiBrowser", "src\HalcyonApiBrowser\HalcyonApiBrowser.xproj", "{D8EC5447-B890-4CD7-9B48-6945BE83A8AD}"
EndProject
Global
	GlobalSection(SolutionConfigurationPlatforms) = preSolution
		Debug|Any CPU = Debug|Any CPU
		Release|Any CPU = Release|Any CPU
	EndGlobalSection
	GlobalSection(ProjectConfigurationPlatforms) = postSolution
		{26A28CE4-9896-4637-8B57-75E79AB97FB1}.Debug|Any CPU.ActiveCfg = Debug|Any CPU
		{26A28CE4-9896-4637-8B57-75E79AB97FB1}.Debug|Any CPU.Build.0 = Debug|Any CPU
		{26A28CE4-9896-4637-8B57-75E79AB97FB1}.Release|Any CPU.ActiveCfg = Release|Any CPU
		{26A28CE4-9896-4637-8B57-75E79AB97FB1}.Release|Any CPU.Build.0 = Release|Any CPU
		{30B7D125-BC93-451D-9065-F2029E61D53D}.Debug|Any CPU.ActiveCfg = Debug|Any CPU
		{30B7D125-BC93-451D-9065-F2029E61D53D}.Debug|Any CPU.Build.0 = Debug|Any CPU
		{30B7D125-BC93-451D-9065-F2029E61D53D}.Release|Any CPU.ActiveCfg = Release|Any CPU
		{30B7D125-BC93-451D-9065-F2029E61D53D}.Release|Any CPU.Build.0 = Release|Any CPU
		{5B8700B7-8C1E-44AE-807C-64DC1C7BA7D7}.Debug|Any CPU.ActiveCfg = Debug|Any CPU
		{5B8700B7-8C1E-44AE-807C-64DC1C7BA7D7}.Debug|Any CPU.Build.0 = Debug|Any CPU
		{5B8700B7-8C1E-44AE-807C-64DC1C7BA7D7}.Release|Any CPU.ActiveCfg = Release|Any CPU
		{5B8700B7-8C1E-44AE-807C-64DC1C7BA7D7}.Release|Any CPU.Build.0 = Release|Any CPU
		{C6992B36-B17E-4BCE-9A79-44B3DFBA1912}.Debug|Any CPU.ActiveCfg = Debug|Any CPU
		{C6992B36-B17E-4BCE-9A79-44B3DFBA1912}.Debug|Any CPU.Build.0 = Debug|Any CPU
		{C6992B36-B17E-4BCE-9A79-44B3DFBA1912}.Release|Any CPU.ActiveCfg = Release|Any CPU
		{C6992B36-B17E-4BCE-9A79-44B3DFBA1912}.Release|Any CPU.Build.0 = Release|Any CPU
		{D29B3712-0FBC-43AB-ABAF-74B6BFDE3271}.Debug|Any CPU.ActiveCfg = Debug|Any CPU
		{D29B3712-0FBC-43AB-ABAF-74B6BFDE3271}.Debug|Any CPU.Build.0 = Debug|Any CPU
		{D29B3712-0FBC-43AB-ABAF-74B6BFDE3271}.Release|Any CPU.ActiveCfg = Release|Any CPU
		{D29B3712-0FBC-43AB-ABAF-74B6BFDE3271}.Release|Any CPU.Build.0 = Release|Any CPU
		{EBB729F8-6B6B-48A8-AA7E-3117B65B5A7E}.Debug|Any CPU.ActiveCfg = Debug|Any CPU
		{EBB729F8-6B6B-48A8-AA7E-3117B65B5A7E}.Debug|Any CPU.Build.0 = Debug|Any CPU
		{EBB729F8-6B6B-48A8-AA7E-3117B65B5A7E}.Release|Any CPU.ActiveCfg = Release|Any CPU
		{EBB729F8-6B6B-48A8-AA7E-3117B65B5A7E}.Release|Any CPU.Build.0 = Release|Any CPU
		{0AD246DA-07AB-4F4C-AAFF-EFC13AACD49F}.Debug|Any CPU.ActiveCfg = Debug|Any CPU
		{0AD246DA-07AB-4F4C-AAFF-EFC13AACD49F}.Debug|Any CPU.Build.0 = Debug|Any CPU
		{0AD246DA-07AB-4F4C-AAFF-EFC13AACD49F}.Release|Any CPU.ActiveCfg = Release|Any CPU
		{0AD246DA-07AB-4F4C-AAFF-EFC13AACD49F}.Release|Any CPU.Build.0 = Release|Any CPU
		{D8EC5447-B890-4CD7-9B48-6945BE83A8AD}.Debug|Any CPU.ActiveCfg = Debug|Any CPU
		{D8EC5447-B890-4CD7-9B48-6945BE83A8AD}.Debug|Any CPU.Build.0 = Debug|Any CPU
		{D8EC5447-B890-4CD7-9B48-6945BE83A8AD}.Release|Any CPU.ActiveCfg = Release|Any CPU
		{D8EC5447-B890-4CD7-9B48-6945BE83A8AD}.Release|Any CPU.Build.0 = Release|Any CPU
	EndGlobalSection
	GlobalSection(SolutionProperties) = preSolution
		HideSolutionNode = FALSE
	EndGlobalSection
	GlobalSection(NestedProjects) = preSolution
		{26A28CE4-9896-4637-8B57-75E79AB97FB1} = {EBBC3E56-D59A-447E-8021-DA2D17B6AD50}
		{30B7D125-BC93-451D-9065-F2029E61D53D} = {EBBC3E56-D59A-447E-8021-DA2D17B6AD50}
		{5B8700B7-8C1E-44AE-807C-64DC1C7BA7D7} = {EBBC3E56-D59A-447E-8021-DA2D17B6AD50}
		{C6992B36-B17E-4BCE-9A79-44B3DFBA1912} = {EBBC3E56-D59A-447E-8021-DA2D17B6AD50}
		{D29B3712-0FBC-43AB-ABAF-74B6BFDE3271} = {EBBC3E56-D59A-447E-8021-DA2D17B6AD50}
		{EBB729F8-6B6B-48A8-AA7E-3117B65B5A7E} = {EBBC3E56-D59A-447E-8021-DA2D17B6AD50}
		{0AD246DA-07AB-4F4C-AAFF-EFC13AACD49F} = {EBBC3E56-D59A-447E-8021-DA2D17B6AD50}
		{D8EC5447-B890-4CD7-9B48-6945BE83A8AD} = {EBBC3E56-D59A-447E-8021-DA2D17B6AD50}
	EndGlobalSection
EndGlobal
